
Microsoft Visual Studio Solution File, Format Version 12.00
# Visual Studio Version 16
VisualStudioVersion = 16.0.30523.141
MinimumVisualStudioVersion = 10.0.40219.1
Project("{FAE04EC0-301F-11D3-BF4B-00C04F79EFBC}") = "Houtzagerij", "Houtzagerij\Houtzagerij.csproj", "{327A7604-1018-4676-8B16-A73FB65CD8E1}"
EndProject
Project("{9A19103F-16F7-4668-BE54-9A1E7A4F7556}") = "Houtzagerij_logic", "..\Houtzagerij_opdracht\Houtzagerij_logic\Houtzagerij_logic.csproj", "{99DC8C81-D4FF-4FF1-BE25-9890A9CB9930}"
EndProject
Global
	GlobalSection(SolutionConfigurationPlatforms) = preSolution
		Debug|Any CPU = Debug|Any CPU
		Release|Any CPU = Release|Any CPU
	EndGlobalSection
	GlobalSection(ProjectConfigurationPlatforms) = postSolution
		{327A7604-1018-4676-8B16-A73FB65CD8E1}.Debug|Any CPU.ActiveCfg = Debug|Any CPU
		{327A7604-1018-4676-8B16-A73FB65CD8E1}.Debug|Any CPU.Build.0 = Debug|Any CPU
		{327A7604-1018-4676-8B16-A73FB65CD8E1}.Release|Any CPU.ActiveCfg = Release|Any CPU
		{327A7604-1018-4676-8B16-A73FB65CD8E1}.Release|Any CPU.Build.0 = Release|Any CPU
		{99DC8C81-D4FF-4FF1-BE25-9890A9CB9930}.Debug|Any CPU.ActiveCfg = Debug|Any CPU
		{99DC8C81-D4FF-4FF1-BE25-9890A9CB9930}.Debug|Any CPU.Build.0 = Debug|Any CPU
		{99DC8C81-D4FF-4FF1-BE25-9890A9CB9930}.Release|Any CPU.ActiveCfg = Release|Any CPU
		{99DC8C81-D4FF-4FF1-BE25-9890A9CB9930}.Release|Any CPU.Build.0 = Release|Any CPU
	EndGlobalSection
	GlobalSection(SolutionProperties) = preSolution
		HideSolutionNode = FALSE
	EndGlobalSection
	GlobalSection(ExtensibilityGlobals) = postSolution
		SolutionGuid = {92A907BD-2802-443F-9DEB-4AB488600F53}
	EndGlobalSection
EndGlobal
